// !$*UTF8*$!
{
	archiveVersion = 1;
	classes = {
	};
	objectVersion = 50;
	objects = {

/* Begin PBXBuildFile section */
		D456021925246DDD002AE0BF /* DialogViewController.swift in Sources */ = {isa = PBXBuildFile; fileRef = D456021825246DDD002AE0BF /* DialogViewController.swift */; };
		D4560224252474AF002AE0BF /* DateFormat.swift in Sources */ = {isa = PBXBuildFile; fileRef = D4560223252474AF002AE0BF /* DateFormat.swift */; };
		D456022A2524753F002AE0BF /* MyMessageCell.swift in Sources */ = {isa = PBXBuildFile; fileRef = D45602282524753F002AE0BF /* MyMessageCell.swift */; };
		D456022B2524753F002AE0BF /* MyMessageCell.xib in Resources */ = {isa = PBXBuildFile; fileRef = D45602292524753F002AE0BF /* MyMessageCell.xib */; };
		D456022E252490F4002AE0BF /* MessageCellModel.swift in Sources */ = {isa = PBXBuildFile; fileRef = D456022D252490F4002AE0BF /* MessageCellModel.swift */; };
		D456023225249345002AE0BF /* OtherMessageCell.swift in Sources */ = {isa = PBXBuildFile; fileRef = D456023025249345002AE0BF /* OtherMessageCell.swift */; };
		D456023325249345002AE0BF /* OtherMessageCell.xib in Resources */ = {isa = PBXBuildFile; fileRef = D456023125249345002AE0BF /* OtherMessageCell.xib */; };
		D4636237252DB4F900B02197 /* Theme.swift in Sources */ = {isa = PBXBuildFile; fileRef = D4636236252DB4F900B02197 /* Theme.swift */; };
		D463623B252DB57800B02197 /* ThemeManager.swift in Sources */ = {isa = PBXBuildFile; fileRef = D463623A252DB57800B02197 /* ThemeManager.swift */; };
		D463623F252DF6AF00B02197 /* MessagesData.swift in Sources */ = {isa = PBXBuildFile; fileRef = D463623E252DF6AF00B02197 /* MessagesData.swift */; };
		D4662B8625234CF0008F31A1 /* ContactCell.swift in Sources */ = {isa = PBXBuildFile; fileRef = D4662B8425234CF0008F31A1 /* ContactCell.swift */; };
		D4662B8725234CF0008F31A1 /* ContactCell.xib in Resources */ = {isa = PBXBuildFile; fileRef = D4662B8525234CF0008F31A1 /* ContactCell.xib */; };
		D468682D25110F4200987850 /* Log.swift in Sources */ = {isa = PBXBuildFile; fileRef = D468682C25110F4200987850 /* Log.swift */; };
		D468D906250EDA3C00D3D7B8 /* AppDelegate.swift in Sources */ = {isa = PBXBuildFile; fileRef = D468D905250EDA3C00D3D7B8 /* AppDelegate.swift */; };
		D468D90A250EDA3C00D3D7B8 /* ProfileViewController.swift in Sources */ = {isa = PBXBuildFile; fileRef = D468D909250EDA3C00D3D7B8 /* ProfileViewController.swift */; };
		D468D90D250EDA3C00D3D7B8 /* Main.storyboard in Resources */ = {isa = PBXBuildFile; fileRef = D468D90B250EDA3C00D3D7B8 /* Main.storyboard */; };
		D468D90F250EDA3D00D3D7B8 /* Assets.xcassets in Resources */ = {isa = PBXBuildFile; fileRef = D468D90E250EDA3D00D3D7B8 /* Assets.xcassets */; };
		D468D912250EDA3D00D3D7B8 /* LaunchScreen.storyboard in Resources */ = {isa = PBXBuildFile; fileRef = D468D910250EDA3D00D3D7B8 /* LaunchScreen.storyboard */; };
		D4979C5025235C5600C8FCAD /* ContactsViewController.swift in Sources */ = {isa = PBXBuildFile; fileRef = D4979C4F25235C5600C8FCAD /* ContactsViewController.swift */; };
		D4979C5325235E4100C8FCAD /* ConversationCellModel.swift in Sources */ = {isa = PBXBuildFile; fileRef = D4979C5225235E4100C8FCAD /* ConversationCellModel.swift */; };
		D4979C562523628C00C8FCAD /* ConfigurableView.swift in Sources */ = {isa = PBXBuildFile; fileRef = D4979C552523628C00C8FCAD /* ConfigurableView.swift */; };
		D4B7FED5252B11A800832202 /* StyleView.xib in Resources */ = {isa = PBXBuildFile; fileRef = D4B7FED4252B11A800832202 /* StyleView.xib */; };
		D4B7FED8252B1DF900832202 /* StyleView.swift in Sources */ = {isa = PBXBuildFile; fileRef = D4B7FED7252B1DF900832202 /* StyleView.swift */; };
		D4B7FEDB252B2D1500832202 /* ThemesViewController.swift in Sources */ = {isa = PBXBuildFile; fileRef = D4B7FEDA252B2D1500832202 /* ThemesViewController.swift */; };
/* End PBXBuildFile section */

/* Begin PBXFileReference section */
		D456021825246DDD002AE0BF /* DialogViewController.swift */ = {isa = PBXFileReference; lastKnownFileType = sourcecode.swift; path = DialogViewController.swift; sourceTree = "<group>"; };
		D4560223252474AF002AE0BF /* DateFormat.swift */ = {isa = PBXFileReference; lastKnownFileType = sourcecode.swift; path = DateFormat.swift; sourceTree = "<group>"; };
		D45602282524753F002AE0BF /* MyMessageCell.swift */ = {isa = PBXFileReference; lastKnownFileType = sourcecode.swift; path = MyMessageCell.swift; sourceTree = "<group>"; };
		D45602292524753F002AE0BF /* MyMessageCell.xib */ = {isa = PBXFileReference; lastKnownFileType = file.xib; path = MyMessageCell.xib; sourceTree = "<group>"; };
		D456022D252490F4002AE0BF /* MessageCellModel.swift */ = {isa = PBXFileReference; lastKnownFileType = sourcecode.swift; path = MessageCellModel.swift; sourceTree = "<group>"; };
		D456023025249345002AE0BF /* OtherMessageCell.swift */ = {isa = PBXFileReference; lastKnownFileType = sourcecode.swift; path = OtherMessageCell.swift; sourceTree = "<group>"; };
		D456023125249345002AE0BF /* OtherMessageCell.xib */ = {isa = PBXFileReference; lastKnownFileType = file.xib; path = OtherMessageCell.xib; sourceTree = "<group>"; };
		D4636236252DB4F900B02197 /* Theme.swift */ = {isa = PBXFileReference; lastKnownFileType = sourcecode.swift; path = Theme.swift; sourceTree = "<group>"; };
		D463623A252DB57800B02197 /* ThemeManager.swift */ = {isa = PBXFileReference; lastKnownFileType = sourcecode.swift; path = ThemeManager.swift; sourceTree = "<group>"; };
		D463623E252DF6AF00B02197 /* MessagesData.swift */ = {isa = PBXFileReference; lastKnownFileType = sourcecode.swift; path = MessagesData.swift; sourceTree = "<group>"; };
		D4662B8425234CF0008F31A1 /* ContactCell.swift */ = {isa = PBXFileReference; lastKnownFileType = sourcecode.swift; path = ContactCell.swift; sourceTree = "<group>"; };
		D4662B8525234CF0008F31A1 /* ContactCell.xib */ = {isa = PBXFileReference; lastKnownFileType = file.xib; path = ContactCell.xib; sourceTree = "<group>"; };
		D468682C25110F4200987850 /* Log.swift */ = {isa = PBXFileReference; lastKnownFileType = sourcecode.swift; path = Log.swift; sourceTree = "<group>"; };
		D468D902250EDA3C00D3D7B8 /* TinkoffHomework.app */ = {isa = PBXFileReference; explicitFileType = wrapper.application; includeInIndex = 0; path = TinkoffHomework.app; sourceTree = BUILT_PRODUCTS_DIR; };
		D468D905250EDA3C00D3D7B8 /* AppDelegate.swift */ = {isa = PBXFileReference; lastKnownFileType = sourcecode.swift; path = AppDelegate.swift; sourceTree = "<group>"; };
		D468D909250EDA3C00D3D7B8 /* ProfileViewController.swift */ = {isa = PBXFileReference; lastKnownFileType = sourcecode.swift; path = ProfileViewController.swift; sourceTree = "<group>"; };
		D468D90C250EDA3C00D3D7B8 /* Base */ = {isa = PBXFileReference; lastKnownFileType = file.storyboard; name = Base; path = Base.lproj/Main.storyboard; sourceTree = "<group>"; };
		D468D90E250EDA3D00D3D7B8 /* Assets.xcassets */ = {isa = PBXFileReference; lastKnownFileType = folder.assetcatalog; path = Assets.xcassets; sourceTree = "<group>"; };
		D468D911250EDA3D00D3D7B8 /* Base */ = {isa = PBXFileReference; lastKnownFileType = file.storyboard; name = Base; path = Base.lproj/LaunchScreen.storyboard; sourceTree = "<group>"; };
		D468D913250EDA3D00D3D7B8 /* Info.plist */ = {isa = PBXFileReference; lastKnownFileType = text.plist.xml; path = Info.plist; sourceTree = "<group>"; };
		D4979C4F25235C5600C8FCAD /* ContactsViewController.swift */ = {isa = PBXFileReference; lastKnownFileType = sourcecode.swift; path = ContactsViewController.swift; sourceTree = "<group>"; };
		D4979C5225235E4100C8FCAD /* ConversationCellModel.swift */ = {isa = PBXFileReference; lastKnownFileType = sourcecode.swift; path = ConversationCellModel.swift; sourceTree = "<group>"; };
		D4979C552523628C00C8FCAD /* ConfigurableView.swift */ = {isa = PBXFileReference; lastKnownFileType = sourcecode.swift; path = ConfigurableView.swift; sourceTree = "<group>"; };
		D4B7FED4252B11A800832202 /* StyleView.xib */ = {isa = PBXFileReference; lastKnownFileType = file.xib; path = StyleView.xib; sourceTree = "<group>"; };
		D4B7FED7252B1DF900832202 /* StyleView.swift */ = {isa = PBXFileReference; lastKnownFileType = sourcecode.swift; path = StyleView.swift; sourceTree = "<group>"; };
		D4B7FEDA252B2D1500832202 /* ThemesViewController.swift */ = {isa = PBXFileReference; lastKnownFileType = sourcecode.swift; path = ThemesViewController.swift; sourceTree = "<group>"; };
/* End PBXFileReference section */

/* Begin PBXFrameworksBuildPhase section */
		D468D8FF250EDA3C00D3D7B8 /* Frameworks */ = {
			isa = PBXFrameworksBuildPhase;
			buildActionMask = 2147483647;
			files = (
			);
			runOnlyForDeploymentPostprocessing = 0;
		};
/* End PBXFrameworksBuildPhase section */

/* Begin PBXGroup section */
		D456021C252473B2002AE0BF /* View Controllers */ = {
			isa = PBXGroup;
			children = (
				D4979C4F25235C5600C8FCAD /* ContactsViewController.swift */,
				D456021825246DDD002AE0BF /* DialogViewController.swift */,
				D468D909250EDA3C00D3D7B8 /* ProfileViewController.swift */,
				D4B7FEDA252B2D1500832202 /* ThemesViewController.swift */,
			);
			path = "View Controllers";
			sourceTree = "<group>";
		};
		D456021D252473CE002AE0BF /* Cells */ = {
			isa = PBXGroup;
			children = (
				D4662B8425234CF0008F31A1 /* ContactCell.swift */,
				D4662B8525234CF0008F31A1 /* ContactCell.xib */,
				D45602282524753F002AE0BF /* MyMessageCell.swift */,
				D45602292524753F002AE0BF /* MyMessageCell.xib */,
				D456023025249345002AE0BF /* OtherMessageCell.swift */,
				D456023125249345002AE0BF /* OtherMessageCell.xib */,
			);
			path = Cells;
			sourceTree = "<group>";
		};
		D456021E25247407002AE0BF /* Models */ = {
			isa = PBXGroup;
			children = (
				D4979C5225235E4100C8FCAD /* ConversationCellModel.swift */,
				D456022D252490F4002AE0BF /* MessageCellModel.swift */,
			);
			path = Models;
			sourceTree = "<group>";
		};
		D456021F25247459002AE0BF /* Resources */ = {
			isa = PBXGroup;
			children = (
				D468D90E250EDA3D00D3D7B8 /* Assets.xcassets */,
				D468D910250EDA3D00D3D7B8 /* LaunchScreen.storyboard */,
				D468D90B250EDA3C00D3D7B8 /* Main.storyboard */,
			);
			path = Resources;
			sourceTree = "<group>";
		};
		D45602202524747B002AE0BF /* Functions */ = {
			isa = PBXGroup;
			children = (
				D4560223252474AF002AE0BF /* DateFormat.swift */,
				D468682C25110F4200987850 /* Log.swift */,
			);
			path = Functions;
			sourceTree = "<group>";
		};
		D456022225247493002AE0BF /* Protocols */ = {
			isa = PBXGroup;
			children = (
				D4979C552523628C00C8FCAD /* ConfigurableView.swift */,
			);
			path = Protocols;
			sourceTree = "<group>";
		};
		D4636235252DB4EA00B02197 /* Themes */ = {
			isa = PBXGroup;
			children = (
				D4636236252DB4F900B02197 /* Theme.swift */,
				D463623A252DB57800B02197 /* ThemeManager.swift */,
			);
			path = Themes;
			sourceTree = "<group>";
		};
		D463623D252DF68E00B02197 /* Data */ = {
			isa = PBXGroup;
			children = (
				D463623E252DF6AF00B02197 /* MessagesData.swift */,
			);
			path = Data;
			sourceTree = "<group>";
		};
		D468D8F9250EDA3C00D3D7B8 = {
			isa = PBXGroup;
			children = (
				D468D904250EDA3C00D3D7B8 /* TinkoffHomework */,
				D468D903250EDA3C00D3D7B8 /* Products */,
			);
			sourceTree = "<group>";
		};
		D468D903250EDA3C00D3D7B8 /* Products */ = {
			isa = PBXGroup;
			children = (
				D468D902250EDA3C00D3D7B8 /* TinkoffHomework.app */,
			);
			name = Products;
			sourceTree = "<group>";
		};
		D468D904250EDA3C00D3D7B8 /* TinkoffHomework */ = {
			isa = PBXGroup;
			children = (
				D468D913250EDA3D00D3D7B8 /* Info.plist */,
				D468D905250EDA3C00D3D7B8 /* AppDelegate.swift */,
				D463623D252DF68E00B02197 /* Data */,
				D4636235252DB4EA00B02197 /* Themes */,
				D4B7FED3252B10AA00832202 /* Views */,
				D456022225247493002AE0BF /* Protocols */,
				D45602202524747B002AE0BF /* Functions */,
				D456021D252473CE002AE0BF /* Cells */,
				D456021E25247407002AE0BF /* Models */,
				D456021F25247459002AE0BF /* Resources */,
				D456021C252473B2002AE0BF /* View Controllers */,
			);
			path = TinkoffHomework;
			sourceTree = "<group>";
		};
		D4B7FED3252B10AA00832202 /* Views */ = {
			isa = PBXGroup;
			children = (
				D4B7FED4252B11A800832202 /* StyleView.xib */,
				D4B7FED7252B1DF900832202 /* StyleView.swift */,
			);
			path = Views;
			sourceTree = "<group>";
		};
/* End PBXGroup section */

/* Begin PBXNativeTarget section */
		D468D901250EDA3C00D3D7B8 /* TinkoffHomework */ = {
			isa = PBXNativeTarget;
			buildConfigurationList = D468D916250EDA3D00D3D7B8 /* Build configuration list for PBXNativeTarget "TinkoffHomework" */;
			buildPhases = (
				D468D8FE250EDA3C00D3D7B8 /* Sources */,
				D468D8FF250EDA3C00D3D7B8 /* Frameworks */,
				D468D900250EDA3C00D3D7B8 /* Resources */,
			);
			buildRules = (
			);
			dependencies = (
			);
			name = TinkoffHomework;
			productName = TinkoffHomework;
			productReference = D468D902250EDA3C00D3D7B8 /* TinkoffHomework.app */;
			productType = "com.apple.product-type.application";
		};
/* End PBXNativeTarget section */

/* Begin PBXProject section */
		D468D8FA250EDA3C00D3D7B8 /* Project object */ = {
			isa = PBXProject;
			attributes = {
				LastSwiftUpdateCheck = 1170;
				LastUpgradeCheck = 1200;
				ORGANIZATIONNAME = "Alexander Grishin";
				TargetAttributes = {
					D468D901250EDA3C00D3D7B8 = {
						CreatedOnToolsVersion = 11.7;
					};
				};
			};
			buildConfigurationList = D468D8FD250EDA3C00D3D7B8 /* Build configuration list for PBXProject "TinkoffHomework" */;
			compatibilityVersion = "Xcode 9.3";
			developmentRegion = en;
			hasScannedForEncodings = 0;
			knownRegions = (
				en,
				Base,
			);
			mainGroup = D468D8F9250EDA3C00D3D7B8;
			productRefGroup = D468D903250EDA3C00D3D7B8 /* Products */;
			projectDirPath = "";
			projectRoot = "";
			targets = (
				D468D901250EDA3C00D3D7B8 /* TinkoffHomework */,
			);
		};
/* End PBXProject section */

/* Begin PBXResourcesBuildPhase section */
		D468D900250EDA3C00D3D7B8 /* Resources */ = {
			isa = PBXResourcesBuildPhase;
			buildActionMask = 2147483647;
			files = (
				D4B7FED5252B11A800832202 /* StyleView.xib in Resources */,
				D456023325249345002AE0BF /* OtherMessageCell.xib in Resources */,
				D4662B8725234CF0008F31A1 /* ContactCell.xib in Resources */,
				D468D912250EDA3D00D3D7B8 /* LaunchScreen.storyboard in Resources */,
				D468D90F250EDA3D00D3D7B8 /* Assets.xcassets in Resources */,
				D456022B2524753F002AE0BF /* MyMessageCell.xib in Resources */,
				D468D90D250EDA3C00D3D7B8 /* Main.storyboard in Resources */,
			);
			runOnlyForDeploymentPostprocessing = 0;
		};
/* End PBXResourcesBuildPhase section */

/* Begin PBXSourcesBuildPhase section */
		D468D8FE250EDA3C00D3D7B8 /* Sources */ = {
			isa = PBXSourcesBuildPhase;
			buildActionMask = 2147483647;
			files = (
				D456023225249345002AE0BF /* OtherMessageCell.swift in Sources */,
				D4662B8625234CF0008F31A1 /* ContactCell.swift in Sources */,
				D456022E252490F4002AE0BF /* MessageCellModel.swift in Sources */,
				D468D90A250EDA3C00D3D7B8 /* ProfileViewController.swift in Sources */,
				D4979C5325235E4100C8FCAD /* ConversationCellModel.swift in Sources */,
				D463623F252DF6AF00B02197 /* MessagesData.swift in Sources */,
				D456022A2524753F002AE0BF /* MyMessageCell.swift in Sources */,
				D4B7FEDB252B2D1500832202 /* ThemesViewController.swift in Sources */,
				D468D906250EDA3C00D3D7B8 /* AppDelegate.swift in Sources */,
				D456021925246DDD002AE0BF /* DialogViewController.swift in Sources */,
				D4979C562523628C00C8FCAD /* ConfigurableView.swift in Sources */,
				D468682D25110F4200987850 /* Log.swift in Sources */,
				D463623B252DB57800B02197 /* ThemeManager.swift in Sources */,
				D4B7FED8252B1DF900832202 /* StyleView.swift in Sources */,
				D4636237252DB4F900B02197 /* Theme.swift in Sources */,
				D4979C5025235C5600C8FCAD /* ContactsViewController.swift in Sources */,
				D4560224252474AF002AE0BF /* DateFormat.swift in Sources */,
			);
			runOnlyForDeploymentPostprocessing = 0;
		};
/* End PBXSourcesBuildPhase section */

/* Begin PBXVariantGroup section */
		D468D90B250EDA3C00D3D7B8 /* Main.storyboard */ = {
			isa = PBXVariantGroup;
			children = (
				D468D90C250EDA3C00D3D7B8 /* Base */,
			);
			name = Main.storyboard;
			sourceTree = "<group>";
		};
		D468D910250EDA3D00D3D7B8 /* LaunchScreen.storyboard */ = {
			isa = PBXVariantGroup;
			children = (
				D468D911250EDA3D00D3D7B8 /* Base */,
			);
			name = LaunchScreen.storyboard;
			sourceTree = "<group>";
		};
/* End PBXVariantGroup section */

/* Begin XCBuildConfiguration section */
		D468D914250EDA3D00D3D7B8 /* Debug */ = {
			isa = XCBuildConfiguration;
			buildSettings = {
				ALWAYS_SEARCH_USER_PATHS = NO;
				CLANG_ANALYZER_NONNULL = YES;
				CLANG_ANALYZER_NUMBER_OBJECT_CONVERSION = YES_AGGRESSIVE;
				CLANG_CXX_LANGUAGE_STANDARD = "gnu++14";
				CLANG_CXX_LIBRARY = "libc++";
				CLANG_ENABLE_MODULES = YES;
				CLANG_ENABLE_OBJC_ARC = YES;
				CLANG_ENABLE_OBJC_WEAK = YES;
				CLANG_WARN_BLOCK_CAPTURE_AUTORELEASING = YES;
				CLANG_WARN_BOOL_CONVERSION = YES;
				CLANG_WARN_COMMA = YES;
				CLANG_WARN_CONSTANT_CONVERSION = YES;
				CLANG_WARN_DEPRECATED_OBJC_IMPLEMENTATIONS = YES;
				CLANG_WARN_DIRECT_OBJC_ISA_USAGE = YES_ERROR;
				CLANG_WARN_DOCUMENTATION_COMMENTS = YES;
				CLANG_WARN_EMPTY_BODY = YES;
				CLANG_WARN_ENUM_CONVERSION = YES;
				CLANG_WARN_INFINITE_RECURSION = YES;
				CLANG_WARN_INT_CONVERSION = YES;
				CLANG_WARN_NON_LITERAL_NULL_CONVERSION = YES;
				CLANG_WARN_OBJC_IMPLICIT_RETAIN_SELF = YES;
				CLANG_WARN_OBJC_LITERAL_CONVERSION = YES;
				CLANG_WARN_OBJC_ROOT_CLASS = YES_ERROR;
				CLANG_WARN_RANGE_LOOP_ANALYSIS = YES;
				CLANG_WARN_STRICT_PROTOTYPES = YES;
				CLANG_WARN_SUSPICIOUS_MOVE = YES;
				CLANG_WARN_UNGUARDED_AVAILABILITY = YES_AGGRESSIVE;
				CLANG_WARN_UNREACHABLE_CODE = YES;
				CLANG_WARN__DUPLICATE_METHOD_MATCH = YES;
				COPY_PHASE_STRIP = NO;
				DEBUG_INFORMATION_FORMAT = dwarf;
				ENABLE_STRICT_OBJC_MSGSEND = YES;
				ENABLE_TESTABILITY = YES;
				GCC_C_LANGUAGE_STANDARD = gnu11;
				GCC_DYNAMIC_NO_PIC = NO;
				GCC_NO_COMMON_BLOCKS = YES;
				GCC_OPTIMIZATION_LEVEL = 0;
				GCC_PREPROCESSOR_DEFINITIONS = (
					"DEBUG=1",
					"$(inherited)",
				);
				GCC_WARN_64_TO_32_BIT_CONVERSION = YES;
				GCC_WARN_ABOUT_RETURN_TYPE = YES_ERROR;
				GCC_WARN_UNDECLARED_SELECTOR = YES;
				GCC_WARN_UNINITIALIZED_AUTOS = YES_AGGRESSIVE;
				GCC_WARN_UNUSED_FUNCTION = YES;
				GCC_WARN_UNUSED_VARIABLE = YES;
				IPHONEOS_DEPLOYMENT_TARGET = 12.0;
				MTL_ENABLE_DEBUG_INFO = INCLUDE_SOURCE;
				MTL_FAST_MATH = YES;
				ONLY_ACTIVE_ARCH = YES;
				SDKROOT = iphoneos;
				SWIFT_ACTIVE_COMPILATION_CONDITIONS = DEBUG;
				SWIFT_OPTIMIZATION_LEVEL = "-Onone";
			};
			name = Debug;
		};
		D468D915250EDA3D00D3D7B8 /* Release */ = {
			isa = XCBuildConfiguration;
			buildSettings = {
				ALWAYS_SEARCH_USER_PATHS = NO;
				CLANG_ANALYZER_NONNULL = YES;
				CLANG_ANALYZER_NUMBER_OBJECT_CONVERSION = YES_AGGRESSIVE;
				CLANG_CXX_LANGUAGE_STANDARD = "gnu++14";
				CLANG_CXX_LIBRARY = "libc++";
				CLANG_ENABLE_MODULES = YES;
				CLANG_ENABLE_OBJC_ARC = YES;
				CLANG_ENABLE_OBJC_WEAK = YES;
				CLANG_WARN_BLOCK_CAPTURE_AUTORELEASING = YES;
				CLANG_WARN_BOOL_CONVERSION = YES;
				CLANG_WARN_COMMA = YES;
				CLANG_WARN_CONSTANT_CONVERSION = YES;
				CLANG_WARN_DEPRECATED_OBJC_IMPLEMENTATIONS = YES;
				CLANG_WARN_DIRECT_OBJC_ISA_USAGE = YES_ERROR;
				CLANG_WARN_DOCUMENTATION_COMMENTS = YES;
				CLANG_WARN_EMPTY_BODY = YES;
				CLANG_WARN_ENUM_CONVERSION = YES;
				CLANG_WARN_INFINITE_RECURSION = YES;
				CLANG_WARN_INT_CONVERSION = YES;
				CLANG_WARN_NON_LITERAL_NULL_CONVERSION = YES;
				CLANG_WARN_OBJC_IMPLICIT_RETAIN_SELF = YES;
				CLANG_WARN_OBJC_LITERAL_CONVERSION = YES;
				CLANG_WARN_OBJC_ROOT_CLASS = YES_ERROR;
				CLANG_WARN_RANGE_LOOP_ANALYSIS = YES;
				CLANG_WARN_STRICT_PROTOTYPES = YES;
				CLANG_WARN_SUSPICIOUS_MOVE = YES;
				CLANG_WARN_UNGUARDED_AVAILABILITY = YES_AGGRESSIVE;
				CLANG_WARN_UNREACHABLE_CODE = YES;
				CLANG_WARN__DUPLICATE_METHOD_MATCH = YES;
				COPY_PHASE_STRIP = NO;
				DEBUG_INFORMATION_FORMAT = "dwarf-with-dsym";
				ENABLE_NS_ASSERTIONS = NO;
				ENABLE_STRICT_OBJC_MSGSEND = YES;
				GCC_C_LANGUAGE_STANDARD = gnu11;
				GCC_NO_COMMON_BLOCKS = YES;
				GCC_WARN_64_TO_32_BIT_CONVERSION = YES;
				GCC_WARN_ABOUT_RETURN_TYPE = YES_ERROR;
				GCC_WARN_UNDECLARED_SELECTOR = YES;
				GCC_WARN_UNINITIALIZED_AUTOS = YES_AGGRESSIVE;
				GCC_WARN_UNUSED_FUNCTION = YES;
				GCC_WARN_UNUSED_VARIABLE = YES;
				IPHONEOS_DEPLOYMENT_TARGET = 12.0;
				MTL_ENABLE_DEBUG_INFO = NO;
				MTL_FAST_MATH = YES;
				SDKROOT = iphoneos;
				SWIFT_COMPILATION_MODE = wholemodule;
				SWIFT_OPTIMIZATION_LEVEL = "-O";
				VALIDATE_PRODUCT = YES;
			};
			name = Release;
		};
		D468D917250EDA3D00D3D7B8 /* Debug */ = {
			isa = XCBuildConfiguration;
			buildSettings = {
				ASSETCATALOG_COMPILER_APPICON_NAME = AppIcon;
				CODE_SIGN_STYLE = Automatic;
				DEVELOPMENT_TEAM = 6X42BJA72U;
				INFOPLIST_FILE = TinkoffHomework/Info.plist;
				IPHONEOS_DEPLOYMENT_TARGET = 12.0;
				LD_RUNPATH_SEARCH_PATHS = (
					"$(inherited)",
					"@executable_path/Frameworks",
				);
				PRODUCT_BUNDLE_IDENTIFIER = com.AlexanderGrishin.TinkoffHomework;
				PRODUCT_NAME = "$(TARGET_NAME)";
				SWIFT_VERSION = 5.0;
				TARGETED_DEVICE_FAMILY = 1;
			};
			name = Debug;
		};
		D468D918250EDA3D00D3D7B8 /* Release */ = {
			isa = XCBuildConfiguration;
			buildSettings = {
				ASSETCATALOG_COMPILER_APPICON_NAME = AppIcon;
				CODE_SIGN_STYLE = Automatic;
				DEVELOPMENT_TEAM = 6X42BJA72U;
				INFOPLIST_FILE = TinkoffHomework/Info.plist;
				IPHONEOS_DEPLOYMENT_TARGET = 12.0;
				LD_RUNPATH_SEARCH_PATHS = (
					"$(inherited)",
					"@executable_path/Frameworks",
				);
				PRODUCT_BUNDLE_IDENTIFIER = com.AlexanderGrishin.TinkoffHomework;
				PRODUCT_NAME = "$(TARGET_NAME)";
				SWIFT_VERSION = 5.0;
				TARGETED_DEVICE_FAMILY = 1;
			};
			name = Release;
		};
/* End XCBuildConfiguration section */

/* Begin XCConfigurationList section */
		D468D8FD250EDA3C00D3D7B8 /* Build configuration list for PBXProject "TinkoffHomework" */ = {
			isa = XCConfigurationList;
			buildConfigurations = (
				D468D914250EDA3D00D3D7B8 /* Debug */,
				D468D915250EDA3D00D3D7B8 /* Release */,
			);
			defaultConfigurationIsVisible = 0;
			defaultConfigurationName = Release;
		};
		D468D916250EDA3D00D3D7B8 /* Build configuration list for PBXNativeTarget "TinkoffHomework" */ = {
			isa = XCConfigurationList;
			buildConfigurations = (
				D468D917250EDA3D00D3D7B8 /* Debug */,
				D468D918250EDA3D00D3D7B8 /* Release */,
			);
			defaultConfigurationIsVisible = 0;
			defaultConfigurationName = Release;
		};
/* End XCConfigurationList section */
	};
	rootObject = D468D8FA250EDA3C00D3D7B8 /* Project object */;
}
